// !$*UTF8*$!
{
	archiveVersion = 1;
	classes = {
	};
	objectVersion = 51;
	objects = {

/* Begin PBXBuildFile section */
		0610FECA21ED67670065B5CA /* main.swift in Sources */ = {isa = PBXBuildFile; fileRef = 0610FEC921ED67670065B5CA /* main.swift */; };
		064C5F7621DF7BEC0065316C /* StatusMenuController.swift in Sources */ = {isa = PBXBuildFile; fileRef = 064C5F7521DF7BEC0065316C /* StatusMenuController.swift */; };
		06652BC121EEC0410058FED9 /* Bridge.plugin in Resources */ = {isa = PBXBuildFile; fileRef = 06652BC021EEC0410058FED9 /* Bridge.plugin */; };
		06A1402921DE24AA00A3E440 /* AppDelegate.swift in Sources */ = {isa = PBXBuildFile; fileRef = 06A1402821DE24AA00A3E440 /* AppDelegate.swift */; };
		06A1402B21DE24AA00A3E440 /* ViewController.swift in Sources */ = {isa = PBXBuildFile; fileRef = 06A1402A21DE24AA00A3E440 /* ViewController.swift */; };
		06A1402D21DE24AA00A3E440 /* Assets.xcassets in Resources */ = {isa = PBXBuildFile; fileRef = 06A1402C21DE24AA00A3E440 /* Assets.xcassets */; };
		06A1403021DE24AA00A3E440 /* Main.storyboard in Resources */ = {isa = PBXBuildFile; fileRef = 06A1402E21DE24AA00A3E440 /* Main.storyboard */; };
		06E8C7DB21ECA30C0015624C /* BridgeInterface.swift in Sources */ = {isa = PBXBuildFile; fileRef = 06E8C7DA21ECA30C0015624C /* BridgeInterface.swift */; };
/* End PBXBuildFile section */

/* Begin PBXFileReference section */
		0610FEC921ED67670065B5CA /* main.swift */ = {isa = PBXFileReference; lastKnownFileType = sourcecode.swift; path = main.swift; sourceTree = "<group>"; };
		064C5F7521DF7BEC0065316C /* StatusMenuController.swift */ = {isa = PBXFileReference; lastKnownFileType = sourcecode.swift; path = StatusMenuController.swift; sourceTree = "<group>"; };
		064F49F821DEEE71001A9357 /* IOBluetooth.framework */ = {isa = PBXFileReference; lastKnownFileType = wrapper.framework; name = IOBluetooth.framework; path = System/Library/Frameworks/IOBluetooth.framework; sourceTree = SDKROOT; };
		064F49F921DEEE7C001A9357 /* AppKit.framework */ = {isa = PBXFileReference; lastKnownFileType = wrapper.framework; name = AppKit.framework; path = System/Library/Frameworks/AppKit.framework; sourceTree = SDKROOT; };
		06652BC021EEC0410058FED9 /* Bridge.plugin */ = {isa = PBXFileReference; lastKnownFileType = wrapper; name = Bridge.plugin; path = ../../Bridge/dist/Bridge.plugin; sourceTree = "<group>"; };
		06A1402521DE24AA00A3E440 /* FunTik.app */ = {isa = PBXFileReference; explicitFileType = wrapper.application; includeInIndex = 0; path = FunTik.app; sourceTree = BUILT_PRODUCTS_DIR; };
		06A1402821DE24AA00A3E440 /* AppDelegate.swift */ = {isa = PBXFileReference; lastKnownFileType = sourcecode.swift; path = AppDelegate.swift; sourceTree = "<group>"; };
		06A1402A21DE24AA00A3E440 /* ViewController.swift */ = {isa = PBXFileReference; lastKnownFileType = sourcecode.swift; path = ViewController.swift; sourceTree = "<group>"; };
		06A1402C21DE24AA00A3E440 /* Assets.xcassets */ = {isa = PBXFileReference; lastKnownFileType = folder.assetcatalog; path = Assets.xcassets; sourceTree = "<group>"; };
		06A1402F21DE24AA00A3E440 /* Base */ = {isa = PBXFileReference; lastKnownFileType = file.storyboard; name = Base; path = Base.lproj/Main.storyboard; sourceTree = "<group>"; };
		06A1403121DE24AA00A3E440 /* Info.plist */ = {isa = PBXFileReference; lastKnownFileType = text.plist.xml; path = Info.plist; sourceTree = "<group>"; };
		06A1403221DE24AA00A3E440 /* FunTik.entitlements */ = {isa = PBXFileReference; lastKnownFileType = text.plist.entitlements; path = FunTik.entitlements; sourceTree = "<group>"; };
		06E8C7DA21ECA30C0015624C /* BridgeInterface.swift */ = {isa = PBXFileReference; lastKnownFileType = sourcecode.swift; path = BridgeInterface.swift; sourceTree = "<group>"; };
/* End PBXFileReference section */

/* Begin PBXFrameworksBuildPhase section */
		06A1402221DE24AA00A3E440 /* Frameworks */ = {
			isa = PBXFrameworksBuildPhase;
			buildActionMask = 2147483647;
			files = (
			);
			runOnlyForDeploymentPostprocessing = 0;
		};
/* End PBXFrameworksBuildPhase section */

/* Begin PBXGroup section */
		064F49F721DEEE71001A9357 /* Frameworks */ = {
			isa = PBXGroup;
			children = (
				064F49F921DEEE7C001A9357 /* AppKit.framework */,
				064F49F821DEEE71001A9357 /* IOBluetooth.framework */,
			);
			name = Frameworks;
			sourceTree = "<group>";
		};
		06A1401C21DE24AA00A3E440 = {
			isa = PBXGroup;
			children = (
				06A1402721DE24AA00A3E440 /* FunTik */,
				06A1402621DE24AA00A3E440 /* Products */,
				064F49F721DEEE71001A9357 /* Frameworks */,
			);
			sourceTree = "<group>";
		};
		06A1402621DE24AA00A3E440 /* Products */ = {
			isa = PBXGroup;
			children = (
				06A1402521DE24AA00A3E440 /* FunTik.app */,
			);
			name = Products;
			sourceTree = "<group>";
		};
		06A1402721DE24AA00A3E440 /* FunTik */ = {
			isa = PBXGroup;
			children = (
				06652BC021EEC0410058FED9 /* Bridge.plugin */,
				06A1402821DE24AA00A3E440 /* AppDelegate.swift */,
				0610FEC921ED67670065B5CA /* main.swift */,
				06E8C7DA21ECA30C0015624C /* BridgeInterface.swift */,
				064C5F7521DF7BEC0065316C /* StatusMenuController.swift */,
				06A1402A21DE24AA00A3E440 /* ViewController.swift */,
				06A1402C21DE24AA00A3E440 /* Assets.xcassets */,
				06A1402E21DE24AA00A3E440 /* Main.storyboard */,
				06A1403121DE24AA00A3E440 /* Info.plist */,
				06A1403221DE24AA00A3E440 /* FunTik.entitlements */,
			);
			path = FunTik;
			sourceTree = "<group>";
		};
/* End PBXGroup section */

/* Begin PBXNativeTarget section */
		06A1402421DE24AA00A3E440 /* FunTik */ = {
			isa = PBXNativeTarget;
			buildConfigurationList = 06A1403521DE24AA00A3E440 /* Build configuration list for PBXNativeTarget "FunTik" */;
			buildPhases = (
				06A1402121DE24AA00A3E440 /* Sources */,
				06A1402221DE24AA00A3E440 /* Frameworks */,
				06A1402321DE24AA00A3E440 /* Resources */,
			);
			buildRules = (
			);
			dependencies = (
			);
			name = FunTik;
			productName = FunTik;
			productReference = 06A1402521DE24AA00A3E440 /* FunTik.app */;
			productType = "com.apple.product-type.application";
		};
/* End PBXNativeTarget section */

/* Begin PBXProject section */
		06A1401D21DE24AA00A3E440 /* Project object */ = {
			isa = PBXProject;
			attributes = {
				LastSwiftUpdateCheck = 0900;
				LastUpgradeCheck = 0900;
				ORGANIZATIONNAME = chenhai;
				TargetAttributes = {
					06A1402421DE24AA00A3E440 = {
						CreatedOnToolsVersion = 9.0.1;
						ProvisioningStyle = Automatic;
						SystemCapabilities = {
							com.apple.Sandbox = {
								enabled = 1;
							};
						};
					};
				};
			};
			buildConfigurationList = 06A1402021DE24AA00A3E440 /* Build configuration list for PBXProject "FunTik" */;
			compatibilityVersion = "Xcode 10.0";
			developmentRegion = en;
			hasScannedForEncodings = 0;
			knownRegions = (
				en,
				Base,
			);
			mainGroup = 06A1401C21DE24AA00A3E440;
			productRefGroup = 06A1402621DE24AA00A3E440 /* Products */;
			projectDirPath = "";
			projectRoot = "";
			targets = (
				06A1402421DE24AA00A3E440 /* FunTik */,
			);
		};
/* End PBXProject section */

/* Begin PBXResourcesBuildPhase section */
		06A1402321DE24AA00A3E440 /* Resources */ = {
			isa = PBXResourcesBuildPhase;
			buildActionMask = 2147483647;
			files = (
				06A1402D21DE24AA00A3E440 /* Assets.xcassets in Resources */,
				06A1403021DE24AA00A3E440 /* Main.storyboard in Resources */,
				06652BC121EEC0410058FED9 /* Bridge.plugin in Resources */,
			);
			runOnlyForDeploymentPostprocessing = 0;
		};
/* End PBXResourcesBuildPhase section */

/* Begin PBXSourcesBuildPhase section */
		06A1402121DE24AA00A3E440 /* Sources */ = {
			isa = PBXSourcesBuildPhase;
			buildActionMask = 2147483647;
			files = (
				064C5F7621DF7BEC0065316C /* StatusMenuController.swift in Sources */,
				06E8C7DB21ECA30C0015624C /* BridgeInterface.swift in Sources */,
				0610FECA21ED67670065B5CA /* main.swift in Sources */,
				06A1402B21DE24AA00A3E440 /* ViewController.swift in Sources */,
				06A1402921DE24AA00A3E440 /* AppDelegate.swift in Sources */,
			);
			runOnlyForDeploymentPostprocessing = 0;
		};
/* End PBXSourcesBuildPhase section */

/* Begin PBXVariantGroup section */
		06A1402E21DE24AA00A3E440 /* Main.storyboard */ = {
			isa = PBXVariantGroup;
			children = (
				06A1402F21DE24AA00A3E440 /* Base */,
			);
			name = Main.storyboard;
			sourceTree = "<group>";
		};
/* End PBXVariantGroup section */

/* Begin XCBuildConfiguration section */
		06A1403321DE24AA00A3E440 /* Debug */ = {
			isa = XCBuildConfiguration;
			buildSettings = {
				ALWAYS_SEARCH_USER_PATHS = NO;
				CLANG_ANALYZER_NONNULL = YES;
				CLANG_ANALYZER_NUMBER_OBJECT_CONVERSION = YES_AGGRESSIVE;
				CLANG_CXX_LANGUAGE_STANDARD = "gnu++14";
				CLANG_CXX_LIBRARY = "libc++";
				CLANG_ENABLE_MODULES = YES;
				CLANG_ENABLE_OBJC_ARC = YES;
				CLANG_WARN_BLOCK_CAPTURE_AUTORELEASING = YES;
				CLANG_WARN_BOOL_CONVERSION = YES;
				CLANG_WARN_COMMA = YES;
				CLANG_WARN_CONSTANT_CONVERSION = YES;
				CLANG_WARN_DIRECT_OBJC_ISA_USAGE = YES_ERROR;
				CLANG_WARN_DOCUMENTATION_COMMENTS = YES;
				CLANG_WARN_EMPTY_BODY = YES;
				CLANG_WARN_ENUM_CONVERSION = YES;
				CLANG_WARN_INFINITE_RECURSION = YES;
				CLANG_WARN_INT_CONVERSION = YES;
				CLANG_WARN_NON_LITERAL_NULL_CONVERSION = YES;
				CLANG_WARN_OBJC_LITERAL_CONVERSION = YES;
				CLANG_WARN_OBJC_ROOT_CLASS = YES_ERROR;
				CLANG_WARN_RANGE_LOOP_ANALYSIS = YES;
				CLANG_WARN_STRICT_PROTOTYPES = YES;
				CLANG_WARN_SUSPICIOUS_MOVE = YES;
				CLANG_WARN_UNGUARDED_AVAILABILITY = YES_AGGRESSIVE;
				CLANG_WARN_UNREACHABLE_CODE = YES;
				CLANG_WARN__DUPLICATE_METHOD_MATCH = YES;
				CODE_SIGN_IDENTITY = "Mac Developer";
				COPY_PHASE_STRIP = NO;
				DEBUG_INFORMATION_FORMAT = dwarf;
				ENABLE_STRICT_OBJC_MSGSEND = YES;
				ENABLE_TESTABILITY = YES;
				GCC_C_LANGUAGE_STANDARD = gnu11;
				GCC_DYNAMIC_NO_PIC = NO;
				GCC_NO_COMMON_BLOCKS = YES;
				GCC_OPTIMIZATION_LEVEL = 0;
				GCC_PREPROCESSOR_DEFINITIONS = (
					"DEBUG=1",
					"$(inherited)",
				);
				GCC_WARN_64_TO_32_BIT_CONVERSION = YES;
				GCC_WARN_ABOUT_RETURN_TYPE = YES_ERROR;
				GCC_WARN_UNDECLARED_SELECTOR = YES;
				GCC_WARN_UNINITIALIZED_AUTOS = YES_AGGRESSIVE;
				GCC_WARN_UNUSED_FUNCTION = YES;
				GCC_WARN_UNUSED_VARIABLE = YES;
				MACOSX_DEPLOYMENT_TARGET = 10.13;
				MTL_ENABLE_DEBUG_INFO = YES;
				ONLY_ACTIVE_ARCH = YES;
				SDKROOT = macosx;
				SWIFT_ACTIVE_COMPILATION_CONDITIONS = DEBUG;
				SWIFT_OPTIMIZATION_LEVEL = "-Onone";
			};
			name = Debug;
		};
		06A1403421DE24AA00A3E440 /* Release */ = {
			isa = XCBuildConfiguration;
			buildSettings = {
				ALWAYS_SEARCH_USER_PATHS = NO;
				CLANG_ANALYZER_NONNULL = YES;
				CLANG_ANALYZER_NUMBER_OBJECT_CONVERSION = YES_AGGRESSIVE;
				CLANG_CXX_LANGUAGE_STANDARD = "gnu++14";
				CLANG_CXX_LIBRARY = "libc++";
				CLANG_ENABLE_MODULES = YES;
				CLANG_ENABLE_OBJC_ARC = YES;
				CLANG_WARN_BLOCK_CAPTURE_AUTORELEASING = YES;
				CLANG_WARN_BOOL_CONVERSION = YES;
				CLANG_WARN_COMMA = YES;
				CLANG_WARN_CONSTANT_CONVERSION = YES;
				CLANG_WARN_DIRECT_OBJC_ISA_USAGE = YES_ERROR;
				CLANG_WARN_DOCUMENTATION_COMMENTS = YES;
				CLANG_WARN_EMPTY_BODY = YES;
				CLANG_WARN_ENUM_CONVERSION = YES;
				CLANG_WARN_INFINITE_RECURSION = YES;
				CLANG_WARN_INT_CONVERSION = YES;
				CLANG_WARN_NON_LITERAL_NULL_CONVERSION = YES;
				CLANG_WARN_OBJC_LITERAL_CONVERSION = YES;
				CLANG_WARN_OBJC_ROOT_CLASS = YES_ERROR;
				CLANG_WARN_RANGE_LOOP_ANALYSIS = YES;
				CLANG_WARN_STRICT_PROTOTYPES = YES;
				CLANG_WARN_SUSPICIOUS_MOVE = YES;
				CLANG_WARN_UNGUARDED_AVAILABILITY = YES_AGGRESSIVE;
				CLANG_WARN_UNREACHABLE_CODE = YES;
				CLANG_WARN__DUPLICATE_METHOD_MATCH = YES;
				CODE_SIGN_IDENTITY = "Mac Developer";
				COPY_PHASE_STRIP = NO;
				DEBUG_INFORMATION_FORMAT = "dwarf-with-dsym";
				ENABLE_NS_ASSERTIONS = NO;
				ENABLE_STRICT_OBJC_MSGSEND = YES;
				GCC_C_LANGUAGE_STANDARD = gnu11;
				GCC_NO_COMMON_BLOCKS = YES;
				GCC_WARN_64_TO_32_BIT_CONVERSION = YES;
				GCC_WARN_ABOUT_RETURN_TYPE = YES_ERROR;
				GCC_WARN_UNDECLARED_SELECTOR = YES;
				GCC_WARN_UNINITIALIZED_AUTOS = YES_AGGRESSIVE;
				GCC_WARN_UNUSED_FUNCTION = YES;
				GCC_WARN_UNUSED_VARIABLE = YES;
				MACOSX_DEPLOYMENT_TARGET = 10.13;
				MTL_ENABLE_DEBUG_INFO = NO;
				SDKROOT = macosx;
				SWIFT_COMPILATION_MODE = wholemodule;
				SWIFT_OPTIMIZATION_LEVEL = "-O";
			};
			name = Release;
		};
		06A1403621DE24AA00A3E440 /* Debug */ = {
			isa = XCBuildConfiguration;
			buildSettings = {
				ASSETCATALOG_COMPILER_APPICON_NAME = AppIcon;
				CODE_SIGN_ENTITLEMENTS = FunTik/FunTik.entitlements;
				CODE_SIGN_STYLE = Automatic;
				COMBINE_HIDPI_IMAGES = YES;
				DEVELOPMENT_TEAM = WY4A6K3GAG;
				INFOPLIST_FILE = FunTik/Info.plist;
				LD_RUNPATH_SEARCH_PATHS = (
					"$(inherited)",
					"@executable_path/../Frameworks",
				);
				PRODUCT_BUNDLE_IDENTIFIER = com.fun.funtik;
				PRODUCT_NAME = "$(TARGET_NAME)";
				SWIFT_VERSION = 4.2;
			};
			name = Debug;
		};
		06A1403721DE24AA00A3E440 /* Release */ = {
			isa = XCBuildConfiguration;
			buildSettings = {
				ASSETCATALOG_COMPILER_APPICON_NAME = AppIcon;
				CODE_SIGN_ENTITLEMENTS = FunTik/FunTik.entitlements;
				CODE_SIGN_STYLE = Automatic;
				COMBINE_HIDPI_IMAGES = YES;
				DEVELOPMENT_TEAM = WY4A6K3GAG;
				INFOPLIST_FILE = FunTik/Info.plist;
				LD_RUNPATH_SEARCH_PATHS = (
					"$(inherited)",
					"@executable_path/../Frameworks",
				);
				PRODUCT_BUNDLE_IDENTIFIER = com.fun.funtik;
				PRODUCT_NAME = "$(TARGET_NAME)";
				SWIFT_VERSION = 4.2;
			};
			name = Release;
		};
/* End XCBuildConfiguration section */

/* Begin XCConfigurationList section */
		06A1402021DE24AA00A3E440 /* Build configuration list for PBXProject "FunTik" */ = {
			isa = XCConfigurationList;
			buildConfigurations = (
				06A1403321DE24AA00A3E440 /* Debug */,
				06A1403421DE24AA00A3E440 /* Release */,
			);
			defaultConfigurationIsVisible = 0;
			defaultConfigurationName = Release;
		};
		06A1403521DE24AA00A3E440 /* Build configuration list for PBXNativeTarget "FunTik" */ = {
			isa = XCConfigurationList;
			buildConfigurations = (
				06A1403621DE24AA00A3E440 /* Debug */,
				06A1403721DE24AA00A3E440 /* Release */,
			);
			defaultConfigurationIsVisible = 0;
			defaultConfigurationName = Release;
		};
/* End XCConfigurationList section */
	};
	rootObject = 06A1401D21DE24AA00A3E440 /* Project object */;
}
